
Microsoft Visual Studio Solution File, Format Version 12.00
# Visual Studio Version 17
VisualStudioVersion = 17.11.35222.181
MinimumVisualStudioVersion = 10.0.40219.1
Project("{FAE04EC0-301F-11D3-BF4B-00C04F79EFBC}") = "CapaPresentacion", "CapaPresentacion\CapaPresentacion.csproj", "{3FF4CE03-EF74-4457-81EB-B842CB2ECF25}"
EndProject
Project("{FAE04EC0-301F-11D3-BF4B-00C04F79EFBC}") = "CapaEntidad", "CapaEntidad\CapaEntidad.csproj", "{74232C93-6C7A-4AAC-B6DC-1C1CCE6DD9B3}"
EndProject
Project("{FAE04EC0-301F-11D3-BF4B-00C04F79EFBC}") = "CapaNegocio", "CapaNegocio\CapaNegocio.csproj", "{1F3A3C84-3771-4262-91BB-CD795AE29BC3}"
EndProject
Project("{FAE04EC0-301F-11D3-BF4B-00C04F79EFBC}") = "CapaDatos", "CapaDatos\CapaDatos.csproj", "{37499181-CB52-4DE3-A6C8-E9A775DB4154}"
EndProject
Global
	GlobalSection(SolutionConfigurationPlatforms) = preSolution
		Debug|Any CPU = Debug|Any CPU
		Release|Any CPU = Release|Any CPU
	EndGlobalSection
	GlobalSection(ProjectConfigurationPlatforms) = postSolution
		{3FF4CE03-EF74-4457-81EB-B842CB2ECF25}.Debug|Any CPU.ActiveCfg = Debug|Any CPU
		{3FF4CE03-EF74-4457-81EB-B842CB2ECF25}.Debug|Any CPU.Build.0 = Debug|Any CPU
		{3FF4CE03-EF74-4457-81EB-B842CB2ECF25}.Release|Any CPU.ActiveCfg = Release|Any CPU
		{3FF4CE03-EF74-4457-81EB-B842CB2ECF25}.Release|Any CPU.Build.0 = Release|Any CPU
		{74232C93-6C7A-4AAC-B6DC-1C1CCE6DD9B3}.Debug|Any CPU.ActiveCfg = Debug|Any CPU
		{74232C93-6C7A-4AAC-B6DC-1C1CCE6DD9B3}.Debug|Any CPU.Build.0 = Debug|Any CPU
		{74232C93-6C7A-4AAC-B6DC-1C1CCE6DD9B3}.Release|Any CPU.ActiveCfg = Release|Any CPU
		{74232C93-6C7A-4AAC-B6DC-1C1CCE6DD9B3}.Release|Any CPU.Build.0 = Release|Any CPU
		{1F3A3C84-3771-4262-91BB-CD795AE29BC3}.Debug|Any CPU.ActiveCfg = Debug|Any CPU
		{1F3A3C84-3771-4262-91BB-CD795AE29BC3}.Debug|Any CPU.Build.0 = Debug|Any CPU
		{1F3A3C84-3771-4262-91BB-CD795AE29BC3}.Release|Any CPU.ActiveCfg = Release|Any CPU
		{1F3A3C84-3771-4262-91BB-CD795AE29BC3}.Release|Any CPU.Build.0 = Release|Any CPU
		{37499181-CB52-4DE3-A6C8-E9A775DB4154}.Debug|Any CPU.ActiveCfg = Debug|Any CPU
		{37499181-CB52-4DE3-A6C8-E9A775DB4154}.Debug|Any CPU.Build.0 = Debug|Any CPU
		{37499181-CB52-4DE3-A6C8-E9A775DB4154}.Release|Any CPU.ActiveCfg = Release|Any CPU
		{37499181-CB52-4DE3-A6C8-E9A775DB4154}.Release|Any CPU.Build.0 = Release|Any CPU
	EndGlobalSection
	GlobalSection(SolutionProperties) = preSolution
		HideSolutionNode = FALSE
	EndGlobalSection
	GlobalSection(ExtensibilityGlobals) = postSolution
		SolutionGuid = {4AE21292-34F8-4162-969D-1F0147F0253A}
	EndGlobalSection
EndGlobal
